// !$*UTF8*$!
{
	archiveVersion = 1;
	classes = {
	};
	objectVersion = 46;
	objects = {

/* Begin PBXBuildFile section */
		53A271CA1DC34B2E00568E29 /* AppDelegate.swift in Sources */ = {isa = PBXBuildFile; fileRef = 53A271C91DC34B2E00568E29 /* AppDelegate.swift */; };
		53A271CC1DC34B2F00568E29 /* ViewController.swift in Sources */ = {isa = PBXBuildFile; fileRef = 53A271CB1DC34B2F00568E29 /* ViewController.swift */; };
		53A271CF1DC34B2F00568E29 /* Main.storyboard in Resources */ = {isa = PBXBuildFile; fileRef = 53A271CD1DC34B2F00568E29 /* Main.storyboard */; };
		53A271D11DC34B2F00568E29 /* Assets.xcassets in Resources */ = {isa = PBXBuildFile; fileRef = 53A271D01DC34B2F00568E29 /* Assets.xcassets */; };
		53A271D41DC34B2F00568E29 /* LaunchScreen.storyboard in Resources */ = {isa = PBXBuildFile; fileRef = 53A271D21DC34B2F00568E29 /* LaunchScreen.storyboard */; };
		53A271DC1DC34B7400568E29 /* UIViewExtension.swift in Sources */ = {isa = PBXBuildFile; fileRef = 53A271DB1DC34B7400568E29 /* UIViewExtension.swift */; };
/* End PBXBuildFile section */

/* Begin PBXFileReference section */
		53A271C61DC34B2E00568E29 /* AHQSLibrary.app */ = {isa = PBXFileReference; explicitFileType = wrapper.application; includeInIndex = 0; path = AHQSLibrary.app; sourceTree = BUILT_PRODUCTS_DIR; };
		53A271C91DC34B2E00568E29 /* AppDelegate.swift */ = {isa = PBXFileReference; lastKnownFileType = sourcecode.swift; path = AppDelegate.swift; sourceTree = "<group>"; };
		53A271CB1DC34B2F00568E29 /* ViewController.swift */ = {isa = PBXFileReference; lastKnownFileType = sourcecode.swift; path = ViewController.swift; sourceTree = "<group>"; };
		53A271CE1DC34B2F00568E29 /* Base */ = {isa = PBXFileReference; lastKnownFileType = file.storyboard; name = Base; path = Base.lproj/Main.storyboard; sourceTree = "<group>"; };
		53A271D01DC34B2F00568E29 /* Assets.xcassets */ = {isa = PBXFileReference; lastKnownFileType = folder.assetcatalog; path = Assets.xcassets; sourceTree = "<group>"; };
		53A271D31DC34B2F00568E29 /* Base */ = {isa = PBXFileReference; lastKnownFileType = file.storyboard; name = Base; path = Base.lproj/LaunchScreen.storyboard; sourceTree = "<group>"; };
		53A271D51DC34B2F00568E29 /* Info.plist */ = {isa = PBXFileReference; lastKnownFileType = text.plist.xml; path = Info.plist; sourceTree = "<group>"; };
		53A271DB1DC34B7400568E29 /* UIViewExtension.swift */ = {isa = PBXFileReference; fileEncoding = 4; lastKnownFileType = sourcecode.swift; path = UIViewExtension.swift; sourceTree = "<group>"; };
/* End PBXFileReference section */

/* Begin PBXFrameworksBuildPhase section */
		53A271C31DC34B2E00568E29 /* Frameworks */ = {
			isa = PBXFrameworksBuildPhase;
			buildActionMask = 2147483647;
			files = (
			);
			runOnlyForDeploymentPostprocessing = 0;
		};
/* End PBXFrameworksBuildPhase section */

/* Begin PBXGroup section */
		53A271BD1DC34B2E00568E29 = {
			isa = PBXGroup;
			children = (
				53A271C81DC34B2E00568E29 /* AHQSLibrary */,
				53A271C71DC34B2E00568E29 /* Products */,
			);
			sourceTree = "<group>";
		};
		53A271C71DC34B2E00568E29 /* Products */ = {
			isa = PBXGroup;
			children = (
				53A271C61DC34B2E00568E29 /* AHQSLibrary.app */,
			);
			name = Products;
			sourceTree = "<group>";
		};
		53A271C81DC34B2E00568E29 /* AHQSLibrary */ = {
			isa = PBXGroup;
			children = (
				53A271C91DC34B2E00568E29 /* AppDelegate.swift */,
				53A271CB1DC34B2F00568E29 /* ViewController.swift */,
				53A271DB1DC34B7400568E29 /* UIViewExtension.swift */,
				53A271CD1DC34B2F00568E29 /* Main.storyboard */,
				53A271D01DC34B2F00568E29 /* Assets.xcassets */,
				53A271D21DC34B2F00568E29 /* LaunchScreen.storyboard */,
				53A271D51DC34B2F00568E29 /* Info.plist */,
			);
			path = AHQSLibrary;
			sourceTree = "<group>";
		};
/* End PBXGroup section */

/* Begin PBXNativeTarget section */
		53A271C51DC34B2E00568E29 /* AHQSLibrary */ = {
			isa = PBXNativeTarget;
			buildConfigurationList = 53A271D81DC34B2F00568E29 /* Build configuration list for PBXNativeTarget "AHQSLibrary" */;
			buildPhases = (
				53A271C21DC34B2E00568E29 /* Sources */,
				53A271C31DC34B2E00568E29 /* Frameworks */,
				53A271C41DC34B2E00568E29 /* Resources */,
			);
			buildRules = (
			);
			dependencies = (
			);
			name = AHQSLibrary;
			productName = AHQSLibrary;
			productReference = 53A271C61DC34B2E00568E29 /* AHQSLibrary.app */;
			productType = "com.apple.product-type.application";
		};
/* End PBXNativeTarget section */

/* Begin PBXProject section */
		53A271BE1DC34B2E00568E29 /* Project object */ = {
			isa = PBXProject;
			attributes = {
				LastSwiftUpdateCheck = 0800;
				LastUpgradeCheck = 0800;
				ORGANIZATIONNAME = "André Henrique da Silva";
				TargetAttributes = {
					53A271C51DC34B2E00568E29 = {
						CreatedOnToolsVersion = 8.0;
						DevelopmentTeam = 6X6HFEJA72;
						ProvisioningStyle = Automatic;
					};
				};
			};
			buildConfigurationList = 53A271C11DC34B2E00568E29 /* Build configuration list for PBXProject "AHQSLibrary" */;
			compatibilityVersion = "Xcode 3.2";
			developmentRegion = English;
			hasScannedForEncodings = 0;
			knownRegions = (
				en,
				Base,
			);
			mainGroup = 53A271BD1DC34B2E00568E29;
			productRefGroup = 53A271C71DC34B2E00568E29 /* Products */;
			projectDirPath = "";
			projectRoot = "";
			targets = (
				53A271C51DC34B2E00568E29 /* AHQSLibrary */,
			);
		};
/* End PBXProject section */

/* Begin PBXResourcesBuildPhase section */
		53A271C41DC34B2E00568E29 /* Resources */ = {
			isa = PBXResourcesBuildPhase;
			buildActionMask = 2147483647;
			files = (
				53A271D41DC34B2F00568E29 /* LaunchScreen.storyboard in Resources */,
				53A271D11DC34B2F00568E29 /* Assets.xcassets in Resources */,
				53A271CF1DC34B2F00568E29 /* Main.storyboard in Resources */,
			);
			runOnlyForDeploymentPostprocessing = 0;
		};
/* End PBXResourcesBuildPhase section */

/* Begin PBXSourcesBuildPhase section */
		53A271C21DC34B2E00568E29 /* Sources */ = {
			isa = PBXSourcesBuildPhase;
			buildActionMask = 2147483647;
			files = (
				53A271DC1DC34B7400568E29 /* UIViewExtension.swift in Sources */,
				53A271CC1DC34B2F00568E29 /* ViewController.swift in Sources */,
				53A271CA1DC34B2E00568E29 /* AppDelegate.swift in Sources */,
			);
			runOnlyForDeploymentPostprocessing = 0;
		};
/* End PBXSourcesBuildPhase section */

/* Begin PBXVariantGroup section */
		53A271CD1DC34B2F00568E29 /* Main.storyboard */ = {
			isa = PBXVariantGroup;
			children = (
				53A271CE1DC34B2F00568E29 /* Base */,
			);
			name = Main.storyboard;
			sourceTree = "<group>";
		};
		53A271D21DC34B2F00568E29 /* LaunchScreen.storyboard */ = {
			isa = PBXVariantGroup;
			children = (
				53A271D31DC34B2F00568E29 /* Base */,
			);
			name = LaunchScreen.storyboard;
			sourceTree = "<group>";
		};
/* End PBXVariantGroup section */

/* Begin XCBuildConfiguration section */
		53A271D61DC34B2F00568E29 /* Debug */ = {
			isa = XCBuildConfiguration;
			buildSettings = {
				ALWAYS_SEARCH_USER_PATHS = NO;
				CLANG_ANALYZER_NONNULL = YES;
				CLANG_CXX_LANGUAGE_STANDARD = "gnu++0x";
				CLANG_CXX_LIBRARY = "libc++";
				CLANG_ENABLE_MODULES = YES;
				CLANG_ENABLE_OBJC_ARC = YES;
				CLANG_WARN_BOOL_CONVERSION = YES;
				CLANG_WARN_CONSTANT_CONVERSION = YES;
				CLANG_WARN_DIRECT_OBJC_ISA_USAGE = YES_ERROR;
				CLANG_WARN_DOCUMENTATION_COMMENTS = YES;
				CLANG_WARN_EMPTY_BODY = YES;
				CLANG_WARN_ENUM_CONVERSION = YES;
				CLANG_WARN_INFINITE_RECURSION = YES;
				CLANG_WARN_INT_CONVERSION = YES;
				CLANG_WARN_OBJC_ROOT_CLASS = YES_ERROR;
				CLANG_WARN_SUSPICIOUS_MOVES = YES;
				CLANG_WARN_UNREACHABLE_CODE = YES;
				CLANG_WARN__DUPLICATE_METHOD_MATCH = YES;
				"CODE_SIGN_IDENTITY[sdk=iphoneos*]" = "iPhone Developer";
				COPY_PHASE_STRIP = NO;
				DEBUG_INFORMATION_FORMAT = dwarf;
				ENABLE_STRICT_OBJC_MSGSEND = YES;
				ENABLE_TESTABILITY = YES;
				GCC_C_LANGUAGE_STANDARD = gnu99;
				GCC_DYNAMIC_NO_PIC = NO;
				GCC_NO_COMMON_BLOCKS = YES;
				GCC_OPTIMIZATION_LEVEL = 0;
				GCC_PREPROCESSOR_DEFINITIONS = (
					"DEBUG=1",
					"$(inherited)",
				);
				GCC_WARN_64_TO_32_BIT_CONVERSION = YES;
				GCC_WARN_ABOUT_RETURN_TYPE = YES_ERROR;
				GCC_WARN_UNDECLARED_SELECTOR = YES;
				GCC_WARN_UNINITIALIZED_AUTOS = YES_AGGRESSIVE;
				GCC_WARN_UNUSED_FUNCTION = YES;
				GCC_WARN_UNUSED_VARIABLE = YES;
				IPHONEOS_DEPLOYMENT_TARGET = 10.0;
				MTL_ENABLE_DEBUG_INFO = YES;
				ONLY_ACTIVE_ARCH = YES;
				SDKROOT = iphoneos;
				SWIFT_ACTIVE_COMPILATION_CONDITIONS = DEBUG;
				SWIFT_OPTIMIZATION_LEVEL = "-Onone";
				TARGETED_DEVICE_FAMILY = "1,2";
			};
			name = Debug;
		};
		53A271D71DC34B2F00568E29 /* Release */ = {
			isa = XCBuildConfiguration;
			buildSettings = {
				ALWAYS_SEARCH_USER_PATHS = NO;
				CLANG_ANALYZER_NONNULL = YES;
				CLANG_CXX_LANGUAGE_STANDARD = "gnu++0x";
				CLANG_CXX_LIBRARY = "libc++";
				CLANG_ENABLE_MODULES = YES;
				CLANG_ENABLE_OBJC_ARC = YES;
				CLANG_WARN_BOOL_CONVERSION = YES;
				CLANG_WARN_CONSTANT_CONVERSION = YES;
				CLANG_WARN_DIRECT_OBJC_ISA_USAGE = YES_ERROR;
				CLANG_WARN_DOCUMENTATION_COMMENTS = YES;
				CLANG_WARN_EMPTY_BODY = YES;
				CLANG_WARN_ENUM_CONVERSION = YES;
				CLANG_WARN_INFINITE_RECURSION = YES;
				CLANG_WARN_INT_CONVERSION = YES;
				CLANG_WARN_OBJC_ROOT_CLASS = YES_ERROR;
				CLANG_WARN_SUSPICIOUS_MOVES = YES;
				CLANG_WARN_UNREACHABLE_CODE = YES;
				CLANG_WARN__DUPLICATE_METHOD_MATCH = YES;
				"CODE_SIGN_IDENTITY[sdk=iphoneos*]" = "iPhone Developer";
				COPY_PHASE_STRIP = NO;
				DEBUG_INFORMATION_FORMAT = "dwarf-with-dsym";
				ENABLE_NS_ASSERTIONS = NO;
				ENABLE_STRICT_OBJC_MSGSEND = YES;
				GCC_C_LANGUAGE_STANDARD = gnu99;
				GCC_NO_COMMON_BLOCKS = YES;
				GCC_WARN_64_TO_32_BIT_CONVERSION = YES;
				GCC_WARN_ABOUT_RETURN_TYPE = YES_ERROR;
				GCC_WARN_UNDECLARED_SELECTOR = YES;
				GCC_WARN_UNINITIALIZED_AUTOS = YES_AGGRESSIVE;
				GCC_WARN_UNUSED_FUNCTION = YES;
				GCC_WARN_UNUSED_VARIABLE = YES;
				IPHONEOS_DEPLOYMENT_TARGET = 10.0;
				MTL_ENABLE_DEBUG_INFO = NO;
				SDKROOT = iphoneos;
				SWIFT_OPTIMIZATION_LEVEL = "-Owholemodule";
				TARGETED_DEVICE_FAMILY = "1,2";
				VALIDATE_PRODUCT = YES;
			};
			name = Release;
		};
		53A271D91DC34B2F00568E29 /* Debug */ = {
			isa = XCBuildConfiguration;
			buildSettings = {
				ASSETCATALOG_COMPILER_APPICON_NAME = AppIcon;
				DEVELOPMENT_TEAM = 6X6HFEJA72;
				INFOPLIST_FILE = AHQSLibrary/Info.plist;
				IPHONEOS_DEPLOYMENT_TARGET = 9.0;
				LD_RUNPATH_SEARCH_PATHS = "$(inherited) @executable_path/Frameworks";
				PRODUCT_BUNDLE_IDENTIFIER = com.ahenqs.AHQSLibrary;
				PRODUCT_NAME = "$(TARGET_NAME)";
				SWIFT_VERSION = 3.0;
			};
			name = Debug;
		};
		53A271DA1DC34B2F00568E29 /* Release */ = {
			isa = XCBuildConfiguration;
			buildSettings = {
				ASSETCATALOG_COMPILER_APPICON_NAME = AppIcon;
				DEVELOPMENT_TEAM = 6X6HFEJA72;
				INFOPLIST_FILE = AHQSLibrary/Info.plist;
				IPHONEOS_DEPLOYMENT_TARGET = 9.0;
				LD_RUNPATH_SEARCH_PATHS = "$(inherited) @executable_path/Frameworks";
				PRODUCT_BUNDLE_IDENTIFIER = com.ahenqs.AHQSLibrary;
				PRODUCT_NAME = "$(TARGET_NAME)";
				SWIFT_VERSION = 3.0;
			};
			name = Release;
		};
/* End XCBuildConfiguration section */

/* Begin XCConfigurationList section */
		53A271C11DC34B2E00568E29 /* Build configuration list for PBXProject "AHQSLibrary" */ = {
			isa = XCConfigurationList;
			buildConfigurations = (
				53A271D61DC34B2F00568E29 /* Debug */,
				53A271D71DC34B2F00568E29 /* Release */,
			);
			defaultConfigurationIsVisible = 0;
			defaultConfigurationName = Release;
		};
		53A271D81DC34B2F00568E29 /* Build configuration list for PBXNativeTarget "AHQSLibrary" */ = {
			isa = XCConfigurationList;
			buildConfigurations = (
				53A271D91DC34B2F00568E29 /* Debug */,
				53A271DA1DC34B2F00568E29 /* Release */,
			);
			defaultConfigurationIsVisible = 0;
		};
/* End XCConfigurationList section */
	};
	rootObject = 53A271BE1DC34B2E00568E29 /* Project object */;
}
